
Microsoft Visual Studio Solution File, Format Version 12.00
# Visual Studio Version 17
VisualStudioVersion = 17.4.33213.308
MinimumVisualStudioVersion = 10.0.40219.1
Project("{FAE04EC0-301F-11D3-BF4B-00C04F79EFBC}") = "CodeByte_Solutions", "CodeByte_Solutions.csproj", "{E93E814F-1D1E-4AA6-875C-4873DDE9516E}"
EndProject
Global
	GlobalSection(SolutionConfigurationPlatforms) = preSolution
		Debug|Any CPU = Debug|Any CPU
		Release|Any CPU = Release|Any CPU
	EndGlobalSection
	GlobalSection(ProjectConfigurationPlatforms) = postSolution
		{E93E814F-1D1E-4AA6-875C-4873DDE9516E}.Debug|Any CPU.ActiveCfg = Debug|Any CPU
		{E93E814F-1D1E-4AA6-875C-4873DDE9516E}.Debug|Any CPU.Build.0 = Debug|Any CPU
		{E93E814F-1D1E-4AA6-875C-4873DDE9516E}.Release|Any CPU.ActiveCfg = Release|Any CPU
		{E93E814F-1D1E-4AA6-875C-4873DDE9516E}.Release|Any CPU.Build.0 = Release|Any CPU
	EndGlobalSection
	GlobalSection(SolutionProperties) = preSolution
		HideSolutionNode = FALSE
	EndGlobalSection
	GlobalSection(ExtensibilityGlobals) = postSolution
		SolutionGuid = {3C709478-EE9E-4A30-AA56-94D524D36D78}
	EndGlobalSection
EndGlobal
